// !$*UTF8*$!
{
	archiveVersion = 1;
	classes = {
	};
	objectVersion = 56;
	objects = {

/* Begin PBXBuildFile section */
		2C25B14E2994140600820EEF /* StartApplesViewController.swift in Sources */ = {isa = PBXBuildFile; fileRef = 2C25B14D2994140600820EEF /* StartApplesViewController.swift */; };
		2C7C54E12992D9B600D409A4 /* WeatherViewController.swift in Sources */ = {isa = PBXBuildFile; fileRef = 2C7C54E02992D9B600D409A4 /* WeatherViewController.swift */; };
		2C7C54E42992DA0500D409A4 /* NetworkFetch.swift in Sources */ = {isa = PBXBuildFile; fileRef = 2C7C54E32992DA0500D409A4 /* NetworkFetch.swift */; };
		2C998CA4298AB5BF00D35842 /* SceneDelegate.swift in Sources */ = {isa = PBXBuildFile; fileRef = 2C998CA3298AB5BF00D35842 /* SceneDelegate.swift */; };
		2C998CA9298AB5BF00D35842 /* Main.storyboard in Resources */ = {isa = PBXBuildFile; fileRef = 2C998CA7298AB5BF00D35842 /* Main.storyboard */; };
		2C998CAB298AB5C000D35842 /* Assets.xcassets in Resources */ = {isa = PBXBuildFile; fileRef = 2C998CAA298AB5C000D35842 /* Assets.xcassets */; };
		2C998CAE298AB5C000D35842 /* LaunchScreen.storyboard in Resources */ = {isa = PBXBuildFile; fileRef = 2C998CAC298AB5C000D35842 /* LaunchScreen.storyboard */; };
		2C998CB6298ABA6C00D35842 /* GameViewController.swift in Sources */ = {isa = PBXBuildFile; fileRef = 2C998CB5298ABA6C00D35842 /* GameViewController.swift */; };
		2C998CB8298ABEA600D35842 /* BlackJack.swift in Sources */ = {isa = PBXBuildFile; fileRef = 2C998CB7298ABEA600D35842 /* BlackJack.swift */; };
		2C998CBA298ABEEE00D35842 /* BlackJackViewController.swift in Sources */ = {isa = PBXBuildFile; fileRef = 2C998CB9298ABEEE00D35842 /* BlackJackViewController.swift */; };
		2CBB7F79299A7544009A01CE /* DictionaryViewController.swift in Sources */ = {isa = PBXBuildFile; fileRef = 2CBB7F78299A7544009A01CE /* DictionaryViewController.swift */; };
		2CBB7F7B299A77A4009A01CE /* WordsDictionary.swift in Sources */ = {isa = PBXBuildFile; fileRef = 2CBB7F7A299A77A4009A01CE /* WordsDictionary.swift */; };
		2CBFA46529997D0900DD4840 /* AuthViewController.swift in Sources */ = {isa = PBXBuildFile; fileRef = 2CBFA46429997D0900DD4840 /* AuthViewController.swift */; };
		2CDCF4C2299969A70070C87E /* insertableTextField.swift in Sources */ = {isa = PBXBuildFile; fileRef = 2CDCF4C1299969A70070C87E /* insertableTextField.swift */; };
		2CF6176D2993A90100710B45 /* AppleGameViewController.swift in Sources */ = {isa = PBXBuildFile; fileRef = 2CF6176C2993A90100710B45 /* AppleGameViewController.swift */; };
		2CF617742993EADB00710B45 /* AppleGame.swift in Sources */ = {isa = PBXBuildFile; fileRef = 2CF617732993EADB00710B45 /* AppleGame.swift */; };
		2CF74A1E299AD58500C91E23 /* ChoiceMenuViewController.swift in Sources */ = {isa = PBXBuildFile; fileRef = 2CF74A1D299AD58500C91E23 /* ChoiceMenuViewController.swift */; };
		2CF74A23299AD9D000C91E23 /* AppDelegate.swift in Sources */ = {isa = PBXBuildFile; fileRef = 2CF74A22299AD9D000C91E23 /* AppDelegate.swift */; };
/* End PBXBuildFile section */

/* Begin PBXFileReference section */
		2C25B14D2994140600820EEF /* StartApplesViewController.swift */ = {isa = PBXFileReference; lastKnownFileType = sourcecode.swift; path = StartApplesViewController.swift; sourceTree = "<group>"; };
		2C7C54E02992D9B600D409A4 /* WeatherViewController.swift */ = {isa = PBXFileReference; lastKnownFileType = sourcecode.swift; path = WeatherViewController.swift; sourceTree = "<group>"; };
		2C7C54E32992DA0500D409A4 /* NetworkFetch.swift */ = {isa = PBXFileReference; lastKnownFileType = sourcecode.swift; path = NetworkFetch.swift; sourceTree = "<group>"; };
		2C998C9E298AB5BF00D35842 /* CruelApplication.app */ = {isa = PBXFileReference; explicitFileType = wrapper.application; includeInIndex = 0; path = CruelApplication.app; sourceTree = BUILT_PRODUCTS_DIR; };
		2C998CA3298AB5BF00D35842 /* SceneDelegate.swift */ = {isa = PBXFileReference; lastKnownFileType = sourcecode.swift; path = SceneDelegate.swift; sourceTree = "<group>"; };
		2C998CA8298AB5BF00D35842 /* Base */ = {isa = PBXFileReference; lastKnownFileType = file.storyboard; name = Base; path = Base.lproj/Main.storyboard; sourceTree = "<group>"; };
		2C998CAA298AB5C000D35842 /* Assets.xcassets */ = {isa = PBXFileReference; lastKnownFileType = folder.assetcatalog; path = Assets.xcassets; sourceTree = "<group>"; };
		2C998CAD298AB5C000D35842 /* Base */ = {isa = PBXFileReference; lastKnownFileType = file.storyboard; name = Base; path = Base.lproj/LaunchScreen.storyboard; sourceTree = "<group>"; };
		2C998CAF298AB5C000D35842 /* Info.plist */ = {isa = PBXFileReference; lastKnownFileType = text.plist.xml; path = Info.plist; sourceTree = "<group>"; };
		2C998CB5298ABA6C00D35842 /* GameViewController.swift */ = {isa = PBXFileReference; lastKnownFileType = sourcecode.swift; path = GameViewController.swift; sourceTree = "<group>"; };
		2C998CB7298ABEA600D35842 /* BlackJack.swift */ = {isa = PBXFileReference; lastKnownFileType = sourcecode.swift; path = BlackJack.swift; sourceTree = "<group>"; };
		2C998CB9298ABEEE00D35842 /* BlackJackViewController.swift */ = {isa = PBXFileReference; lastKnownFileType = sourcecode.swift; path = BlackJackViewController.swift; sourceTree = "<group>"; };
		2CBB7F78299A7544009A01CE /* DictionaryViewController.swift */ = {isa = PBXFileReference; lastKnownFileType = sourcecode.swift; path = DictionaryViewController.swift; sourceTree = "<group>"; };
		2CBB7F7A299A77A4009A01CE /* WordsDictionary.swift */ = {isa = PBXFileReference; lastKnownFileType = sourcecode.swift; path = WordsDictionary.swift; sourceTree = "<group>"; };
		2CBFA46429997D0900DD4840 /* AuthViewController.swift */ = {isa = PBXFileReference; lastKnownFileType = sourcecode.swift; path = AuthViewController.swift; sourceTree = "<group>"; };
		2CDCF4C1299969A70070C87E /* insertableTextField.swift */ = {isa = PBXFileReference; lastKnownFileType = sourcecode.swift; path = insertableTextField.swift; sourceTree = "<group>"; };
		2CF6176C2993A90100710B45 /* AppleGameViewController.swift */ = {isa = PBXFileReference; lastKnownFileType = sourcecode.swift; path = AppleGameViewController.swift; sourceTree = "<group>"; };
		2CF617732993EADB00710B45 /* AppleGame.swift */ = {isa = PBXFileReference; lastKnownFileType = sourcecode.swift; path = AppleGame.swift; sourceTree = "<group>"; };
		2CF74A1D299AD58500C91E23 /* ChoiceMenuViewController.swift */ = {isa = PBXFileReference; lastKnownFileType = sourcecode.swift; path = ChoiceMenuViewController.swift; sourceTree = "<group>"; };
		2CF74A22299AD9D000C91E23 /* AppDelegate.swift */ = {isa = PBXFileReference; lastKnownFileType = sourcecode.swift; path = AppDelegate.swift; sourceTree = "<group>"; };
/* End PBXFileReference section */

/* Begin PBXFrameworksBuildPhase section */
		2C998C9B298AB5BF00D35842 /* Frameworks */ = {
			isa = PBXFrameworksBuildPhase;
			buildActionMask = 2147483647;
			files = (
			);
			runOnlyForDeploymentPostprocessing = 0;
		};
/* End PBXFrameworksBuildPhase section */

/* Begin PBXGroup section */
		2C998C95298AB5BF00D35842 = {
			isa = PBXGroup;
			children = (
				2CBB7F80299AC928009A01CE /* Dictionary */,
				2CDCF4C42999755D0070C87E /* Authorisation */,
				2CBB7F7C299AC7CA009A01CE /* Casino */,
				2CBB7F7F299AC864009A01CE /* Network */,
				2C998CA0298AB5BF00D35842 /* Delegate */,
				2C998C9F298AB5BF00D35842 /* Products */,
			);
			sourceTree = "<group>";
		};
		2C998C9F298AB5BF00D35842 /* Products */ = {
			isa = PBXGroup;
			children = (
				2C998C9E298AB5BF00D35842 /* CruelApplication.app */,
			);
			name = Products;
			sourceTree = "<group>";
		};
		2C998CA0298AB5BF00D35842 /* Delegate */ = {
			isa = PBXGroup;
			children = (
				2C998CA3298AB5BF00D35842 /* SceneDelegate.swift */,
				2C998CA7298AB5BF00D35842 /* Main.storyboard */,
				2C998CAA298AB5C000D35842 /* Assets.xcassets */,
				2C998CAC298AB5C000D35842 /* LaunchScreen.storyboard */,
				2C998CAF298AB5C000D35842 /* Info.plist */,
				2CF74A22299AD9D000C91E23 /* AppDelegate.swift */,
			);
			path = Delegate;
			sourceTree = "<group>";
		};
		2CBB7F7C299AC7CA009A01CE /* Casino */ = {
			isa = PBXGroup;
			children = (
				2CBB7F7E299AC803009A01CE /* Apples */,
				2CBB7F7D299AC7F4009A01CE /* BlackJack */,
			);
			path = Casino;
			sourceTree = "<group>";
		};
		2CBB7F7D299AC7F4009A01CE /* BlackJack */ = {
			isa = PBXGroup;
			children = (
				2C998CB7298ABEA600D35842 /* BlackJack.swift */,
				2C998CB9298ABEEE00D35842 /* BlackJackViewController.swift */,
				2C998CB5298ABA6C00D35842 /* GameViewController.swift */,
			);
			path = BlackJack;
			sourceTree = "<group>";
		};
		2CBB7F7E299AC803009A01CE /* Apples */ = {
			isa = PBXGroup;
			children = (
				2C25B14D2994140600820EEF /* StartApplesViewController.swift */,
				2CF6176C2993A90100710B45 /* AppleGameViewController.swift */,
				2CF617732993EADB00710B45 /* AppleGame.swift */,
			);
			path = Apples;
			sourceTree = "<group>";
		};
		2CBB7F7F299AC864009A01CE /* Network */ = {
			isa = PBXGroup;
			children = (
				2C7C54E32992DA0500D409A4 /* NetworkFetch.swift */,
				2C7C54E02992D9B600D409A4 /* WeatherViewController.swift */,
			);
			path = Network;
			sourceTree = "<group>";
		};
		2CBB7F80299AC928009A01CE /* Dictionary */ = {
			isa = PBXGroup;
			children = (
				2CBB7F7A299A77A4009A01CE /* WordsDictionary.swift */,
				2CBB7F78299A7544009A01CE /* DictionaryViewController.swift */,
			);
			path = Dictionary;
			sourceTree = "<group>";
		};
		2CDCF4C42999755D0070C87E /* Authorisation */ = {
			isa = PBXGroup;
			children = (
				2CDCF4C1299969A70070C87E /* insertableTextField.swift */,
				2CBFA46429997D0900DD4840 /* AuthViewController.swift */,
				2CF74A1D299AD58500C91E23 /* ChoiceMenuViewController.swift */,
			);
			path = Authorisation;
			sourceTree = "<group>";
		};
/* End PBXGroup section */

/* Begin PBXNativeTarget section */
		2C998C9D298AB5BF00D35842 /* CruelApplication */ = {
			isa = PBXNativeTarget;
			buildConfigurationList = 2C998CB2298AB5C000D35842 /* Build configuration list for PBXNativeTarget "CruelApplication" */;
			buildPhases = (
				2C998C9A298AB5BF00D35842 /* Sources */,
				2C998C9B298AB5BF00D35842 /* Frameworks */,
				2C998C9C298AB5BF00D35842 /* Resources */,
			);
			buildRules = (
			);
			dependencies = (
			);
			name = CruelApplication;
			productName = BlackJackGame;
			productReference = 2C998C9E298AB5BF00D35842 /* CruelApplication.app */;
			productType = "com.apple.product-type.application";
		};
/* End PBXNativeTarget section */

/* Begin PBXProject section */
		2C998C96298AB5BF00D35842 /* Project object */ = {
			isa = PBXProject;
			attributes = {
				BuildIndependentTargetsInParallel = 1;
				LastSwiftUpdateCheck = 1420;
				LastUpgradeCheck = 1420;
				TargetAttributes = {
					2C998C9D298AB5BF00D35842 = {
						CreatedOnToolsVersion = 14.2;
					};
				};
			};
			buildConfigurationList = 2C998C99298AB5BF00D35842 /* Build configuration list for PBXProject "CruelApplication" */;
			compatibilityVersion = "Xcode 14.0";
			developmentRegion = en;
			hasScannedForEncodings = 0;
			knownRegions = (
				en,
				Base,
			);
			mainGroup = 2C998C95298AB5BF00D35842;
			productRefGroup = 2C998C9F298AB5BF00D35842 /* Products */;
			projectDirPath = "";
			projectRoot = "";
			targets = (
				2C998C9D298AB5BF00D35842 /* CruelApplication */,
			);
		};
/* End PBXProject section */

/* Begin PBXResourcesBuildPhase section */
		2C998C9C298AB5BF00D35842 /* Resources */ = {
			isa = PBXResourcesBuildPhase;
			buildActionMask = 2147483647;
			files = (
				2C998CAE298AB5C000D35842 /* LaunchScreen.storyboard in Resources */,
				2C998CAB298AB5C000D35842 /* Assets.xcassets in Resources */,
				2C998CA9298AB5BF00D35842 /* Main.storyboard in Resources */,
			);
			runOnlyForDeploymentPostprocessing = 0;
		};
/* End PBXResourcesBuildPhase section */

/* Begin PBXSourcesBuildPhase section */
		2C998C9A298AB5BF00D35842 /* Sources */ = {
			isa = PBXSourcesBuildPhase;
			buildActionMask = 2147483647;
			files = (
				2CF6176D2993A90100710B45 /* AppleGameViewController.swift in Sources */,
				2C998CB8298ABEA600D35842 /* BlackJack.swift in Sources */,
				2CF617742993EADB00710B45 /* AppleGame.swift in Sources */,
				2CF74A23299AD9D000C91E23 /* AppDelegate.swift in Sources */,
				2CBB7F7B299A77A4009A01CE /* WordsDictionary.swift in Sources */,
				2C7C54E42992DA0500D409A4 /* NetworkFetch.swift in Sources */,
				2C998CBA298ABEEE00D35842 /* BlackJackViewController.swift in Sources */,
				2CDCF4C2299969A70070C87E /* insertableTextField.swift in Sources */,
				2C25B14E2994140600820EEF /* StartApplesViewController.swift in Sources */,
				2CBFA46529997D0900DD4840 /* AuthViewController.swift in Sources */,
				2C7C54E12992D9B600D409A4 /* WeatherViewController.swift in Sources */,
				2CF74A1E299AD58500C91E23 /* ChoiceMenuViewController.swift in Sources */,
				2C998CB6298ABA6C00D35842 /* GameViewController.swift in Sources */,
				2CBB7F79299A7544009A01CE /* DictionaryViewController.swift in Sources */,
				2C998CA4298AB5BF00D35842 /* SceneDelegate.swift in Sources */,
			);
			runOnlyForDeploymentPostprocessing = 0;
		};
/* End PBXSourcesBuildPhase section */

/* Begin PBXVariantGroup section */
		2C998CA7298AB5BF00D35842 /* Main.storyboard */ = {
			isa = PBXVariantGroup;
			children = (
				2C998CA8298AB5BF00D35842 /* Base */,
			);
			name = Main.storyboard;
			sourceTree = "<group>";
		};
		2C998CAC298AB5C000D35842 /* LaunchScreen.storyboard */ = {
			isa = PBXVariantGroup;
			children = (
				2C998CAD298AB5C000D35842 /* Base */,
			);
			name = LaunchScreen.storyboard;
			sourceTree = "<group>";
		};
/* End PBXVariantGroup section */

/* Begin XCBuildConfiguration section */
		2C998CB0298AB5C000D35842 /* Debug */ = {
			isa = XCBuildConfiguration;
			buildSettings = {
				ALWAYS_SEARCH_USER_PATHS = NO;
				CLANG_ANALYZER_NONNULL = YES;
				CLANG_ANALYZER_NUMBER_OBJECT_CONVERSION = YES_AGGRESSIVE;
				CLANG_CXX_LANGUAGE_STANDARD = "gnu++20";
				CLANG_ENABLE_MODULES = YES;
				CLANG_ENABLE_OBJC_ARC = YES;
				CLANG_ENABLE_OBJC_WEAK = YES;
				CLANG_WARN_BLOCK_CAPTURE_AUTORELEASING = YES;
				CLANG_WARN_BOOL_CONVERSION = YES;
				CLANG_WARN_COMMA = YES;
				CLANG_WARN_CONSTANT_CONVERSION = YES;
				CLANG_WARN_DEPRECATED_OBJC_IMPLEMENTATIONS = YES;
				CLANG_WARN_DIRECT_OBJC_ISA_USAGE = YES_ERROR;
				CLANG_WARN_DOCUMENTATION_COMMENTS = YES;
				CLANG_WARN_EMPTY_BODY = YES;
				CLANG_WARN_ENUM_CONVERSION = YES;
				CLANG_WARN_INFINITE_RECURSION = YES;
				CLANG_WARN_INT_CONVERSION = YES;
				CLANG_WARN_NON_LITERAL_NULL_CONVERSION = YES;
				CLANG_WARN_OBJC_IMPLICIT_RETAIN_SELF = YES;
				CLANG_WARN_OBJC_LITERAL_CONVERSION = YES;
				CLANG_WARN_OBJC_ROOT_CLASS = YES_ERROR;
				CLANG_WARN_QUOTED_INCLUDE_IN_FRAMEWORK_HEADER = YES;
				CLANG_WARN_RANGE_LOOP_ANALYSIS = YES;
				CLANG_WARN_STRICT_PROTOTYPES = YES;
				CLANG_WARN_SUSPICIOUS_MOVE = YES;
				CLANG_WARN_UNGUARDED_AVAILABILITY = YES_AGGRESSIVE;
				CLANG_WARN_UNREACHABLE_CODE = YES;
				CLANG_WARN__DUPLICATE_METHOD_MATCH = YES;
				COPY_PHASE_STRIP = NO;
				DEBUG_INFORMATION_FORMAT = dwarf;
				ENABLE_STRICT_OBJC_MSGSEND = YES;
				ENABLE_TESTABILITY = YES;
				GCC_C_LANGUAGE_STANDARD = gnu11;
				GCC_DYNAMIC_NO_PIC = NO;
				GCC_NO_COMMON_BLOCKS = YES;
				GCC_OPTIMIZATION_LEVEL = 0;
				GCC_PREPROCESSOR_DEFINITIONS = (
					"DEBUG=1",
					"$(inherited)",
				);
				GCC_WARN_64_TO_32_BIT_CONVERSION = YES;
				GCC_WARN_ABOUT_RETURN_TYPE = YES_ERROR;
				GCC_WARN_UNDECLARED_SELECTOR = YES;
				GCC_WARN_UNINITIALIZED_AUTOS = YES_AGGRESSIVE;
				GCC_WARN_UNUSED_FUNCTION = YES;
				GCC_WARN_UNUSED_VARIABLE = YES;
				IPHONEOS_DEPLOYMENT_TARGET = 16.2;
				MTL_ENABLE_DEBUG_INFO = INCLUDE_SOURCE;
				MTL_FAST_MATH = YES;
				ONLY_ACTIVE_ARCH = YES;
				SDKROOT = iphoneos;
				SWIFT_ACTIVE_COMPILATION_CONDITIONS = DEBUG;
				SWIFT_OPTIMIZATION_LEVEL = "-Onone";
			};
			name = Debug;
		};
		2C998CB1298AB5C000D35842 /* Release */ = {
			isa = XCBuildConfiguration;
			buildSettings = {
				ALWAYS_SEARCH_USER_PATHS = NO;
				CLANG_ANALYZER_NONNULL = YES;
				CLANG_ANALYZER_NUMBER_OBJECT_CONVERSION = YES_AGGRESSIVE;
				CLANG_CXX_LANGUAGE_STANDARD = "gnu++20";
				CLANG_ENABLE_MODULES = YES;
				CLANG_ENABLE_OBJC_ARC = YES;
				CLANG_ENABLE_OBJC_WEAK = YES;
				CLANG_WARN_BLOCK_CAPTURE_AUTORELEASING = YES;
				CLANG_WARN_BOOL_CONVERSION = YES;
				CLANG_WARN_COMMA = YES;
				CLANG_WARN_CONSTANT_CONVERSION = YES;
				CLANG_WARN_DEPRECATED_OBJC_IMPLEMENTATIONS = YES;
				CLANG_WARN_DIRECT_OBJC_ISA_USAGE = YES_ERROR;
				CLANG_WARN_DOCUMENTATION_COMMENTS = YES;
				CLANG_WARN_EMPTY_BODY = YES;
				CLANG_WARN_ENUM_CONVERSION = YES;
				CLANG_WARN_INFINITE_RECURSION = YES;
				CLANG_WARN_INT_CONVERSION = YES;
				CLANG_WARN_NON_LITERAL_NULL_CONVERSION = YES;
				CLANG_WARN_OBJC_IMPLICIT_RETAIN_SELF = YES;
				CLANG_WARN_OBJC_LITERAL_CONVERSION = YES;
				CLANG_WARN_OBJC_ROOT_CLASS = YES_ERROR;
				CLANG_WARN_QUOTED_INCLUDE_IN_FRAMEWORK_HEADER = YES;
				CLANG_WARN_RANGE_LOOP_ANALYSIS = YES;
				CLANG_WARN_STRICT_PROTOTYPES = YES;
				CLANG_WARN_SUSPICIOUS_MOVE = YES;
				CLANG_WARN_UNGUARDED_AVAILABILITY = YES_AGGRESSIVE;
				CLANG_WARN_UNREACHABLE_CODE = YES;
				CLANG_WARN__DUPLICATE_METHOD_MATCH = YES;
				COPY_PHASE_STRIP = NO;
				DEBUG_INFORMATION_FORMAT = "dwarf-with-dsym";
				ENABLE_NS_ASSERTIONS = NO;
				ENABLE_STRICT_OBJC_MSGSEND = YES;
				GCC_C_LANGUAGE_STANDARD = gnu11;
				GCC_NO_COMMON_BLOCKS = YES;
				GCC_WARN_64_TO_32_BIT_CONVERSION = YES;
				GCC_WARN_ABOUT_RETURN_TYPE = YES_ERROR;
				GCC_WARN_UNDECLARED_SELECTOR = YES;
				GCC_WARN_UNINITIALIZED_AUTOS = YES_AGGRESSIVE;
				GCC_WARN_UNUSED_FUNCTION = YES;
				GCC_WARN_UNUSED_VARIABLE = YES;
				IPHONEOS_DEPLOYMENT_TARGET = 16.2;
				MTL_ENABLE_DEBUG_INFO = NO;
				MTL_FAST_MATH = YES;
				SDKROOT = iphoneos;
				SWIFT_COMPILATION_MODE = wholemodule;
				SWIFT_OPTIMIZATION_LEVEL = "-O";
				VALIDATE_PRODUCT = YES;
			};
			name = Release;
		};
		2C998CB3298AB5C000D35842 /* Debug */ = {
			isa = XCBuildConfiguration;
			buildSettings = {
				ASSETCATALOG_COMPILER_APPICON_NAME = AppIcon;
				ASSETCATALOG_COMPILER_GLOBAL_ACCENT_COLOR_NAME = AccentColor;
				CODE_SIGN_STYLE = Automatic;
				CURRENT_PROJECT_VERSION = 1;
				GENERATE_INFOPLIST_FILE = YES;
				INFOPLIST_FILE = Delegate/Info.plist;
				INFOPLIST_KEY_CFBundleDisplayName = Cruel;
				INFOPLIST_KEY_UIApplicationSupportsIndirectInputEvents = YES;
				INFOPLIST_KEY_UILaunchStoryboardName = LaunchScreen;
				INFOPLIST_KEY_UIMainStoryboardFile = Main;
				INFOPLIST_KEY_UISupportedInterfaceOrientations_iPad = "UIInterfaceOrientationPortrait UIInterfaceOrientationPortraitUpsideDown UIInterfaceOrientationLandscapeLeft UIInterfaceOrientationLandscapeRight";
				INFOPLIST_KEY_UISupportedInterfaceOrientations_iPhone = "UIInterfaceOrientationPortrait UIInterfaceOrientationLandscapeLeft UIInterfaceOrientationLandscapeRight";
				LD_RUNPATH_SEARCH_PATHS = (
					"$(inherited)",
					"@executable_path/Frameworks",
				);
				MARKETING_VERSION = 1.0;
				PRODUCT_BUNDLE_IDENTIFIER = "IU5-IT.BlackJackGame";
				PRODUCT_NAME = "$(TARGET_NAME)";
				SWIFT_EMIT_LOC_STRINGS = YES;
				SWIFT_VERSION = 5.0;
				TARGETED_DEVICE_FAMILY = "1,2";
			};
			name = Debug;
		};
		2C998CB4298AB5C000D35842 /* Release */ = {
			isa = XCBuildConfiguration;
			buildSettings = {
				ASSETCATALOG_COMPILER_APPICON_NAME = AppIcon;
				ASSETCATALOG_COMPILER_GLOBAL_ACCENT_COLOR_NAME = AccentColor;
				CODE_SIGN_STYLE = Automatic;
				CURRENT_PROJECT_VERSION = 1;
				GENERATE_INFOPLIST_FILE = YES;
				INFOPLIST_FILE = Delegate/Info.plist;
				INFOPLIST_KEY_CFBundleDisplayName = Cruel;
				INFOPLIST_KEY_UIApplicationSupportsIndirectInputEvents = YES;
				INFOPLIST_KEY_UILaunchStoryboardName = LaunchScreen;
				INFOPLIST_KEY_UIMainStoryboardFile = Main;
				INFOPLIST_KEY_UISupportedInterfaceOrientations_iPad = "UIInterfaceOrientationPortrait UIInterfaceOrientationPortraitUpsideDown UIInterfaceOrientationLandscapeLeft UIInterfaceOrientationLandscapeRight";
				INFOPLIST_KEY_UISupportedInterfaceOrientations_iPhone = "UIInterfaceOrientationPortrait UIInterfaceOrientationLandscapeLeft UIInterfaceOrientationLandscapeRight";
				LD_RUNPATH_SEARCH_PATHS = (
					"$(inherited)",
					"@executable_path/Frameworks",
				);
				MARKETING_VERSION = 1.0;
				PRODUCT_BUNDLE_IDENTIFIER = "IU5-IT.BlackJackGame";
				PRODUCT_NAME = "$(TARGET_NAME)";
				SWIFT_EMIT_LOC_STRINGS = YES;
				SWIFT_VERSION = 5.0;
				TARGETED_DEVICE_FAMILY = "1,2";
			};
			name = Release;
		};
/* End XCBuildConfiguration section */

/* Begin XCConfigurationList section */
		2C998C99298AB5BF00D35842 /* Build configuration list for PBXProject "CruelApplication" */ = {
			isa = XCConfigurationList;
			buildConfigurations = (
				2C998CB0298AB5C000D35842 /* Debug */,
				2C998CB1298AB5C000D35842 /* Release */,
			);
			defaultConfigurationIsVisible = 0;
			defaultConfigurationName = Release;
		};
		2C998CB2298AB5C000D35842 /* Build configuration list for PBXNativeTarget "CruelApplication" */ = {
			isa = XCConfigurationList;
			buildConfigurations = (
				2C998CB3298AB5C000D35842 /* Debug */,
				2C998CB4298AB5C000D35842 /* Release */,
			);
			defaultConfigurationIsVisible = 0;
			defaultConfigurationName = Release;
		};
/* End XCConfigurationList section */
	};
	rootObject = 2C998C96298AB5BF00D35842 /* Project object */;
}
